
Microsoft Visual Studio Solution File, Format Version 12.00
# Visual Studio Version 16
VisualStudioVersion = 16.0.29911.84
MinimumVisualStudioVersion = 10.0.40219.1
Project("{00D1A9C2-B5F0-4AF3-8072-F6C62B433612}") = "BWAdmin", "BWAdmin\BWAdmin.sqlproj", "{E310315D-9245-4327-8CE2-D5F515989FB2}"
EndProject
Project("{9A19103F-16F7-4668-BE54-9A1E7A4F7556}") = "Data", "Data\Data.csproj", "{9C8F81A4-C619-47E2-BC19-37336EAD93AA}"
EndProject
Project("{9A19103F-16F7-4668-BE54-9A1E7A4F7556}") = "Models", "Models\Models.csproj", "{4BE04252-35B5-4ED3-AA9E-EA80A7E6F7F6}"
EndProject
Project("{9A19103F-16F7-4668-BE54-9A1E7A4F7556}") = "BWAdminTest", "BWAdminTest\BWAdminTest.csproj", "{CEEA5AA0-F14A-4591-8DB8-03A02884F810}"
EndProject
Project("{2150E333-8FDC-42A3-9474-1A3956D46DE8}") = "Test", "Test", "{AEC1D5B3-9147-4E29-B2BF-30EB8ED5CD2D}"
EndProject
Project("{2150E333-8FDC-42A3-9474-1A3956D46DE8}") = "Database", "Database", "{DC9E0363-945A-4AF4-A223-E00224CB3363}"
EndProject
Project("{2150E333-8FDC-42A3-9474-1A3956D46DE8}") = "Core", "Core", "{70E6F78B-83C1-4064-995C-3F38C70FEE08}"
EndProject
Project("{9A19103F-16F7-4668-BE54-9A1E7A4F7556}") = "OfferteTemplater", "DocumentGenerator\OfferteTemplater.csproj", "{51D0F2BD-31D8-42E2-9583-C08993A7729D}"
EndProject
Project("{9A19103F-16F7-4668-BE54-9A1E7A4F7556}") = "PdfGenerator", "PdfGenerator\PdfGenerator.csproj", "{0588D051-55BF-431E-ABDA-0CA4940149CA}"
EndProject
Project("{FAE04EC0-301F-11D3-BF4B-00C04F79EFBC}") = "BWAdminUi.Server", "BWAdminUi\Server\BWAdminUi.Server.csproj", "{0F950012-0634-4D22-A5A6-E2BE5906D73F}"
EndProject
Project("{FAE04EC0-301F-11D3-BF4B-00C04F79EFBC}") = "BWAdminUi.Client", "BWAdminUi\Client\BWAdminUi.Client.csproj", "{32CE9CEF-472B-4554-8CC4-F4DB9848BF0B}"
EndProject
Project("{FAE04EC0-301F-11D3-BF4B-00C04F79EFBC}") = "BWAdminUi.Shared", "BWAdminUi\Shared\BWAdminUi.Shared.csproj", "{01338102-4698-4BBD-BD2D-7AB716452D02}"
EndProject
Project("{2150E333-8FDC-42A3-9474-1A3956D46DE8}") = "Ui", "Ui", "{94E49E4E-1340-4258-BFEC-3B3B79C3D755}"
EndProject
Global
	GlobalSection(SolutionConfigurationPlatforms) = preSolution
		Debug|Any CPU = Debug|Any CPU
		Release|Any CPU = Release|Any CPU
	EndGlobalSection
	GlobalSection(ProjectConfigurationPlatforms) = postSolution
		{E310315D-9245-4327-8CE2-D5F515989FB2}.Debug|Any CPU.ActiveCfg = Debug|Any CPU
		{E310315D-9245-4327-8CE2-D5F515989FB2}.Debug|Any CPU.Build.0 = Debug|Any CPU
		{E310315D-9245-4327-8CE2-D5F515989FB2}.Debug|Any CPU.Deploy.0 = Debug|Any CPU
		{E310315D-9245-4327-8CE2-D5F515989FB2}.Release|Any CPU.ActiveCfg = Release|Any CPU
		{E310315D-9245-4327-8CE2-D5F515989FB2}.Release|Any CPU.Build.0 = Release|Any CPU
		{E310315D-9245-4327-8CE2-D5F515989FB2}.Release|Any CPU.Deploy.0 = Release|Any CPU
		{9C8F81A4-C619-47E2-BC19-37336EAD93AA}.Debug|Any CPU.ActiveCfg = Debug|Any CPU
		{9C8F81A4-C619-47E2-BC19-37336EAD93AA}.Debug|Any CPU.Build.0 = Debug|Any CPU
		{9C8F81A4-C619-47E2-BC19-37336EAD93AA}.Release|Any CPU.ActiveCfg = Release|Any CPU
		{9C8F81A4-C619-47E2-BC19-37336EAD93AA}.Release|Any CPU.Build.0 = Release|Any CPU
		{4BE04252-35B5-4ED3-AA9E-EA80A7E6F7F6}.Debug|Any CPU.ActiveCfg = Debug|Any CPU
		{4BE04252-35B5-4ED3-AA9E-EA80A7E6F7F6}.Debug|Any CPU.Build.0 = Debug|Any CPU
		{4BE04252-35B5-4ED3-AA9E-EA80A7E6F7F6}.Release|Any CPU.ActiveCfg = Release|Any CPU
		{4BE04252-35B5-4ED3-AA9E-EA80A7E6F7F6}.Release|Any CPU.Build.0 = Release|Any CPU
		{CEEA5AA0-F14A-4591-8DB8-03A02884F810}.Debug|Any CPU.ActiveCfg = Debug|Any CPU
		{CEEA5AA0-F14A-4591-8DB8-03A02884F810}.Debug|Any CPU.Build.0 = Debug|Any CPU
		{CEEA5AA0-F14A-4591-8DB8-03A02884F810}.Release|Any CPU.ActiveCfg = Release|Any CPU
		{CEEA5AA0-F14A-4591-8DB8-03A02884F810}.Release|Any CPU.Build.0 = Release|Any CPU
		{51D0F2BD-31D8-42E2-9583-C08993A7729D}.Debug|Any CPU.ActiveCfg = Debug|Any CPU
		{51D0F2BD-31D8-42E2-9583-C08993A7729D}.Debug|Any CPU.Build.0 = Debug|Any CPU
		{51D0F2BD-31D8-42E2-9583-C08993A7729D}.Release|Any CPU.ActiveCfg = Release|Any CPU
		{51D0F2BD-31D8-42E2-9583-C08993A7729D}.Release|Any CPU.Build.0 = Release|Any CPU
		{0588D051-55BF-431E-ABDA-0CA4940149CA}.Debug|Any CPU.ActiveCfg = Debug|Any CPU
		{0588D051-55BF-431E-ABDA-0CA4940149CA}.Debug|Any CPU.Build.0 = Debug|Any CPU
		{0588D051-55BF-431E-ABDA-0CA4940149CA}.Release|Any CPU.ActiveCfg = Release|Any CPU
		{0588D051-55BF-431E-ABDA-0CA4940149CA}.Release|Any CPU.Build.0 = Release|Any CPU
		{0F950012-0634-4D22-A5A6-E2BE5906D73F}.Debug|Any CPU.ActiveCfg = Debug|Any CPU
		{0F950012-0634-4D22-A5A6-E2BE5906D73F}.Debug|Any CPU.Build.0 = Debug|Any CPU
		{0F950012-0634-4D22-A5A6-E2BE5906D73F}.Release|Any CPU.ActiveCfg = Release|Any CPU
		{0F950012-0634-4D22-A5A6-E2BE5906D73F}.Release|Any CPU.Build.0 = Release|Any CPU
		{32CE9CEF-472B-4554-8CC4-F4DB9848BF0B}.Debug|Any CPU.ActiveCfg = Debug|Any CPU
		{32CE9CEF-472B-4554-8CC4-F4DB9848BF0B}.Debug|Any CPU.Build.0 = Debug|Any CPU
		{32CE9CEF-472B-4554-8CC4-F4DB9848BF0B}.Release|Any CPU.ActiveCfg = Release|Any CPU
		{32CE9CEF-472B-4554-8CC4-F4DB9848BF0B}.Release|Any CPU.Build.0 = Release|Any CPU
		{01338102-4698-4BBD-BD2D-7AB716452D02}.Debug|Any CPU.ActiveCfg = Debug|Any CPU
		{01338102-4698-4BBD-BD2D-7AB716452D02}.Debug|Any CPU.Build.0 = Debug|Any CPU
		{01338102-4698-4BBD-BD2D-7AB716452D02}.Release|Any CPU.ActiveCfg = Release|Any CPU
		{01338102-4698-4BBD-BD2D-7AB716452D02}.Release|Any CPU.Build.0 = Release|Any CPU
	EndGlobalSection
	GlobalSection(SolutionProperties) = preSolution
		HideSolutionNode = FALSE
	EndGlobalSection
	GlobalSection(NestedProjects) = preSolution
		{E310315D-9245-4327-8CE2-D5F515989FB2} = {DC9E0363-945A-4AF4-A223-E00224CB3363}
		{9C8F81A4-C619-47E2-BC19-37336EAD93AA} = {70E6F78B-83C1-4064-995C-3F38C70FEE08}
		{4BE04252-35B5-4ED3-AA9E-EA80A7E6F7F6} = {70E6F78B-83C1-4064-995C-3F38C70FEE08}
		{CEEA5AA0-F14A-4591-8DB8-03A02884F810} = {AEC1D5B3-9147-4E29-B2BF-30EB8ED5CD2D}
		{51D0F2BD-31D8-42E2-9583-C08993A7729D} = {70E6F78B-83C1-4064-995C-3F38C70FEE08}
		{0588D051-55BF-431E-ABDA-0CA4940149CA} = {70E6F78B-83C1-4064-995C-3F38C70FEE08}
		{0F950012-0634-4D22-A5A6-E2BE5906D73F} = {94E49E4E-1340-4258-BFEC-3B3B79C3D755}
		{32CE9CEF-472B-4554-8CC4-F4DB9848BF0B} = {94E49E4E-1340-4258-BFEC-3B3B79C3D755}
		{01338102-4698-4BBD-BD2D-7AB716452D02} = {94E49E4E-1340-4258-BFEC-3B3B79C3D755}
	EndGlobalSection
	GlobalSection(ExtensibilityGlobals) = postSolution
		SolutionGuid = {F1D2A2AA-1FAB-42E6-B54D-F3E0CB089E0A}
	EndGlobalSection
EndGlobal
