
Microsoft Visual Studio Solution File, Format Version 12.00
# Visual Studio Version 16
VisualStudioVersion = 16.0.29911.84
MinimumVisualStudioVersion = 10.0.40219.1
Project("{9A19103F-16F7-4668-BE54-9A1E7A4F7556}") = "BWAdmin2.0", "BWAdmin2.0\BWAdmin2.0.csproj", "{6A7464E0-E5E5-4446-9567-78A38A897ACC}"
EndProject
Project("{00D1A9C2-B5F0-4AF3-8072-F6C62B433612}") = "BWAdmin", "BWAdmin\BWAdmin.sqlproj", "{E310315D-9245-4327-8CE2-D5F515989FB2}"
EndProject
Project("{9A19103F-16F7-4668-BE54-9A1E7A4F7556}") = "Data", "Data\Data.csproj", "{9C8F81A4-C619-47E2-BC19-37336EAD93AA}"
EndProject
Project("{9A19103F-16F7-4668-BE54-9A1E7A4F7556}") = "Models", "Models\Models.csproj", "{4BE04252-35B5-4ED3-AA9E-EA80A7E6F7F6}"
EndProject
Project("{9A19103F-16F7-4668-BE54-9A1E7A4F7556}") = "BWAdminTest", "BWAdminTest\BWAdminTest.csproj", "{CEEA5AA0-F14A-4591-8DB8-03A02884F810}"
EndProject
Project("{2150E333-8FDC-42A3-9474-1A3956D46DE8}") = "Test", "Test", "{AEC1D5B3-9147-4E29-B2BF-30EB8ED5CD2D}"
EndProject
Project("{2150E333-8FDC-42A3-9474-1A3956D46DE8}") = "Database", "Database", "{DC9E0363-945A-4AF4-A223-E00224CB3363}"
EndProject
Project("{2150E333-8FDC-42A3-9474-1A3956D46DE8}") = "Core", "Core", "{70E6F78B-83C1-4064-995C-3F38C70FEE08}"
EndProject
Global
	GlobalSection(SolutionConfigurationPlatforms) = preSolution
		Debug|Any CPU = Debug|Any CPU
		Release|Any CPU = Release|Any CPU
	EndGlobalSection
	GlobalSection(ProjectConfigurationPlatforms) = postSolution
		{6A7464E0-E5E5-4446-9567-78A38A897ACC}.Debug|Any CPU.ActiveCfg = Debug|Any CPU
		{6A7464E0-E5E5-4446-9567-78A38A897ACC}.Debug|Any CPU.Build.0 = Debug|Any CPU
		{6A7464E0-E5E5-4446-9567-78A38A897ACC}.Release|Any CPU.ActiveCfg = Release|Any CPU
		{6A7464E0-E5E5-4446-9567-78A38A897ACC}.Release|Any CPU.Build.0 = Release|Any CPU
		{E310315D-9245-4327-8CE2-D5F515989FB2}.Debug|Any CPU.ActiveCfg = Debug|Any CPU
		{E310315D-9245-4327-8CE2-D5F515989FB2}.Debug|Any CPU.Build.0 = Debug|Any CPU
		{E310315D-9245-4327-8CE2-D5F515989FB2}.Debug|Any CPU.Deploy.0 = Debug|Any CPU
		{E310315D-9245-4327-8CE2-D5F515989FB2}.Release|Any CPU.ActiveCfg = Release|Any CPU
		{E310315D-9245-4327-8CE2-D5F515989FB2}.Release|Any CPU.Build.0 = Release|Any CPU
		{E310315D-9245-4327-8CE2-D5F515989FB2}.Release|Any CPU.Deploy.0 = Release|Any CPU
		{9C8F81A4-C619-47E2-BC19-37336EAD93AA}.Debug|Any CPU.ActiveCfg = Debug|Any CPU
		{9C8F81A4-C619-47E2-BC19-37336EAD93AA}.Debug|Any CPU.Build.0 = Debug|Any CPU
		{9C8F81A4-C619-47E2-BC19-37336EAD93AA}.Release|Any CPU.ActiveCfg = Release|Any CPU
		{9C8F81A4-C619-47E2-BC19-37336EAD93AA}.Release|Any CPU.Build.0 = Release|Any CPU
		{4BE04252-35B5-4ED3-AA9E-EA80A7E6F7F6}.Debug|Any CPU.ActiveCfg = Debug|Any CPU
		{4BE04252-35B5-4ED3-AA9E-EA80A7E6F7F6}.Debug|Any CPU.Build.0 = Debug|Any CPU
		{4BE04252-35B5-4ED3-AA9E-EA80A7E6F7F6}.Release|Any CPU.ActiveCfg = Release|Any CPU
		{4BE04252-35B5-4ED3-AA9E-EA80A7E6F7F6}.Release|Any CPU.Build.0 = Release|Any CPU
		{CEEA5AA0-F14A-4591-8DB8-03A02884F810}.Debug|Any CPU.ActiveCfg = Debug|Any CPU
		{CEEA5AA0-F14A-4591-8DB8-03A02884F810}.Debug|Any CPU.Build.0 = Debug|Any CPU
		{CEEA5AA0-F14A-4591-8DB8-03A02884F810}.Release|Any CPU.ActiveCfg = Release|Any CPU
		{CEEA5AA0-F14A-4591-8DB8-03A02884F810}.Release|Any CPU.Build.0 = Release|Any CPU
	EndGlobalSection
	GlobalSection(SolutionProperties) = preSolution
		HideSolutionNode = FALSE
	EndGlobalSection
	GlobalSection(NestedProjects) = preSolution
		{6A7464E0-E5E5-4446-9567-78A38A897ACC} = {70E6F78B-83C1-4064-995C-3F38C70FEE08}
		{E310315D-9245-4327-8CE2-D5F515989FB2} = {DC9E0363-945A-4AF4-A223-E00224CB3363}
		{9C8F81A4-C619-47E2-BC19-37336EAD93AA} = {70E6F78B-83C1-4064-995C-3F38C70FEE08}
		{4BE04252-35B5-4ED3-AA9E-EA80A7E6F7F6} = {70E6F78B-83C1-4064-995C-3F38C70FEE08}
		{CEEA5AA0-F14A-4591-8DB8-03A02884F810} = {AEC1D5B3-9147-4E29-B2BF-30EB8ED5CD2D}
	EndGlobalSection
	GlobalSection(ExtensibilityGlobals) = postSolution
		SolutionGuid = {F1D2A2AA-1FAB-42E6-B54D-F3E0CB089E0A}
	EndGlobalSection
EndGlobal
